
Microsoft Visual Studio Solution File, Format Version 12.00
# Visual Studio 15
VisualStudioVersion = 15.0.28010.2036
MinimumVisualStudioVersion = 10.0.40219.1
Project("{9A19103F-16F7-4668-BE54-9A1E7A4F7556}") = "DotnetThirdPartyNotices", "src\DotnetThirdPartyNotices\DotnetThirdPartyNotices.csproj", "{052DFD6A-FD20-44C2-9448-0ACFDBFFEFCB}"
EndProject
Global
	GlobalSection(SolutionConfigurationPlatforms) = preSolution
		Debug|Any CPU = Debug|Any CPU
		Release|Any CPU = Release|Any CPU
	EndGlobalSection
	GlobalSection(ProjectConfigurationPlatforms) = postSolution
		{052DFD6A-FD20-44C2-9448-0ACFDBFFEFCB}.Debug|Any CPU.ActiveCfg = Debug|Any CPU
		{052DFD6A-FD20-44C2-9448-0ACFDBFFEFCB}.Debug|Any CPU.Build.0 = Debug|Any CPU
		{052DFD6A-FD20-44C2-9448-0ACFDBFFEFCB}.Release|Any CPU.ActiveCfg = Release|Any CPU
		{052DFD6A-FD20-44C2-9448-0ACFDBFFEFCB}.Release|Any CPU.Build.0 = Release|Any CPU
	EndGlobalSection
	GlobalSection(SolutionProperties) = preSolution
		HideSolutionNode = FALSE
	EndGlobalSection
	GlobalSection(ExtensibilityGlobals) = postSolution
		SolutionGuid = {EAA5E948-8CC9-4CA0-AEAC-8A11F53A0C8E}
	EndGlobalSection
EndGlobal
